
Microsoft Visual Studio Solution File, Format Version 12.00
# Visual Studio 15
VisualStudioVersion = 15.0.27130.2036
MinimumVisualStudioVersion = 10.0.40219.1
Project("{00D1A9C2-B5F0-4AF3-8072-F6C62B433612}") = "SFDCDatabase", "SFDCDatabase\SFDCDatabase.sqlproj", "{9C5A81B7-6357-4F35-AEC3-A788B5096A13}"
EndProject
Project("{159641D6-6404-4A2A-AE62-294DE0FE8301}") = "etlSalesforce", "etlSalesforce\etlSalesforce.dtproj", "{84234B2B-3FB6-444D-9E4F-019818BD1C8D}"
	ProjectSection(ProjectDependencies) = postProject
		{9C5A81B7-6357-4F35-AEC3-A788B5096A13} = {9C5A81B7-6357-4F35-AEC3-A788B5096A13}
	EndProjectSection
EndProject
Project("{6870E480-7721-4708-BFB8-9AE898AA21B3}") = "SalesforceSM", "SalesforceSM\SalesforceSM.smproj", "{8CE414BB-95B2-4C99-9E03-51BA72086E22}"
EndProject
Global
	GlobalSection(SolutionConfigurationPlatforms) = preSolution
		Debug|Any CPU = Debug|Any CPU
		Debug|x86 = Debug|x86
		Development|Any CPU = Development|Any CPU
		Development|x86 = Development|x86
		Release|Any CPU = Release|Any CPU
		Release|x86 = Release|x86
	EndGlobalSection
	GlobalSection(ProjectConfigurationPlatforms) = postSolution
		{9C5A81B7-6357-4F35-AEC3-A788B5096A13}.Debug|Any CPU.ActiveCfg = Debug|Any CPU
		{9C5A81B7-6357-4F35-AEC3-A788B5096A13}.Debug|Any CPU.Build.0 = Debug|Any CPU
		{9C5A81B7-6357-4F35-AEC3-A788B5096A13}.Debug|Any CPU.Deploy.0 = Debug|Any CPU
		{9C5A81B7-6357-4F35-AEC3-A788B5096A13}.Debug|x86.ActiveCfg = Debug|Any CPU
		{9C5A81B7-6357-4F35-AEC3-A788B5096A13}.Debug|x86.Build.0 = Debug|Any CPU
		{9C5A81B7-6357-4F35-AEC3-A788B5096A13}.Debug|x86.Deploy.0 = Debug|Any CPU
		{9C5A81B7-6357-4F35-AEC3-A788B5096A13}.Development|Any CPU.ActiveCfg = Debug|Any CPU
		{9C5A81B7-6357-4F35-AEC3-A788B5096A13}.Development|Any CPU.Build.0 = Debug|Any CPU
		{9C5A81B7-6357-4F35-AEC3-A788B5096A13}.Development|Any CPU.Deploy.0 = Debug|Any CPU
		{9C5A81B7-6357-4F35-AEC3-A788B5096A13}.Development|x86.ActiveCfg = Debug|Any CPU
		{9C5A81B7-6357-4F35-AEC3-A788B5096A13}.Development|x86.Build.0 = Debug|Any CPU
		{9C5A81B7-6357-4F35-AEC3-A788B5096A13}.Development|x86.Deploy.0 = Debug|Any CPU
		{9C5A81B7-6357-4F35-AEC3-A788B5096A13}.Release|Any CPU.ActiveCfg = Release|Any CPU
		{9C5A81B7-6357-4F35-AEC3-A788B5096A13}.Release|Any CPU.Build.0 = Release|Any CPU
		{9C5A81B7-6357-4F35-AEC3-A788B5096A13}.Release|Any CPU.Deploy.0 = Release|Any CPU
		{9C5A81B7-6357-4F35-AEC3-A788B5096A13}.Release|x86.ActiveCfg = Release|Any CPU
		{9C5A81B7-6357-4F35-AEC3-A788B5096A13}.Release|x86.Build.0 = Release|Any CPU
		{9C5A81B7-6357-4F35-AEC3-A788B5096A13}.Release|x86.Deploy.0 = Release|Any CPU
		{84234B2B-3FB6-444D-9E4F-019818BD1C8D}.Debug|Any CPU.ActiveCfg = Development
		{84234B2B-3FB6-444D-9E4F-019818BD1C8D}.Debug|Any CPU.Build.0 = Development
		{84234B2B-3FB6-444D-9E4F-019818BD1C8D}.Debug|x86.ActiveCfg = Development
		{84234B2B-3FB6-444D-9E4F-019818BD1C8D}.Debug|x86.Build.0 = Development
		{84234B2B-3FB6-444D-9E4F-019818BD1C8D}.Development|Any CPU.ActiveCfg = Development
		{84234B2B-3FB6-444D-9E4F-019818BD1C8D}.Development|Any CPU.Build.0 = Development
		{84234B2B-3FB6-444D-9E4F-019818BD1C8D}.Development|x86.ActiveCfg = Development
		{84234B2B-3FB6-444D-9E4F-019818BD1C8D}.Development|x86.Build.0 = Development
		{84234B2B-3FB6-444D-9E4F-019818BD1C8D}.Release|Any CPU.ActiveCfg = Development
		{84234B2B-3FB6-444D-9E4F-019818BD1C8D}.Release|Any CPU.Build.0 = Development
		{84234B2B-3FB6-444D-9E4F-019818BD1C8D}.Release|x86.ActiveCfg = Development
		{84234B2B-3FB6-444D-9E4F-019818BD1C8D}.Release|x86.Build.0 = Development
		{8CE414BB-95B2-4C99-9E03-51BA72086E22}.Debug|Any CPU.ActiveCfg = Development|x86
		{8CE414BB-95B2-4C99-9E03-51BA72086E22}.Debug|Any CPU.Build.0 = Development|x86
		{8CE414BB-95B2-4C99-9E03-51BA72086E22}.Debug|Any CPU.Deploy.0 = Development|x86
		{8CE414BB-95B2-4C99-9E03-51BA72086E22}.Debug|x86.ActiveCfg = Development|x86
		{8CE414BB-95B2-4C99-9E03-51BA72086E22}.Debug|x86.Build.0 = Development|x86
		{8CE414BB-95B2-4C99-9E03-51BA72086E22}.Debug|x86.Deploy.0 = Development|x86
		{8CE414BB-95B2-4C99-9E03-51BA72086E22}.Development|Any CPU.ActiveCfg = Development|x86
		{8CE414BB-95B2-4C99-9E03-51BA72086E22}.Development|x86.ActiveCfg = Development|x86
		{8CE414BB-95B2-4C99-9E03-51BA72086E22}.Development|x86.Build.0 = Development|x86
		{8CE414BB-95B2-4C99-9E03-51BA72086E22}.Development|x86.Deploy.0 = Development|x86
		{8CE414BB-95B2-4C99-9E03-51BA72086E22}.Release|Any CPU.ActiveCfg = Development|x86
		{8CE414BB-95B2-4C99-9E03-51BA72086E22}.Release|Any CPU.Build.0 = Development|x86
		{8CE414BB-95B2-4C99-9E03-51BA72086E22}.Release|Any CPU.Deploy.0 = Development|x86
		{8CE414BB-95B2-4C99-9E03-51BA72086E22}.Release|x86.ActiveCfg = Development|x86
		{8CE414BB-95B2-4C99-9E03-51BA72086E22}.Release|x86.Build.0 = Development|x86
		{8CE414BB-95B2-4C99-9E03-51BA72086E22}.Release|x86.Deploy.0 = Development|x86
	EndGlobalSection
	GlobalSection(SolutionProperties) = preSolution
		HideSolutionNode = FALSE
	EndGlobalSection
	GlobalSection(ExtensibilityGlobals) = postSolution
		SolutionGuid = {9E9B5463-B0DC-4718-A60B-74EEBF25BC06}
	EndGlobalSection
EndGlobal
